
Microsoft Visual Studio Solution File, Format Version 12.00
# Visual Studio Version 16
VisualStudioVersion = 16.0.30804.86
MinimumVisualStudioVersion = 10.0.40219.1
Project("{FAE04EC0-301F-11D3-BF4B-00C04F79EFBC}") = "Clovis", "Clovis\Clovis.csproj", "{61DE7984-31E9-4537-96C2-0C9CEB1DA971}"
EndProject
Global
	GlobalSection(SolutionConfigurationPlatforms) = preSolution
		Debug|Any CPU = Debug|Any CPU
		Release|Any CPU = Release|Any CPU
	EndGlobalSection
	GlobalSection(ProjectConfigurationPlatforms) = postSolution
		{61DE7984-31E9-4537-96C2-0C9CEB1DA971}.Debug|Any CPU.ActiveCfg = Debug|Any CPU
		{61DE7984-31E9-4537-96C2-0C9CEB1DA971}.Debug|Any CPU.Build.0 = Debug|Any CPU
		{61DE7984-31E9-4537-96C2-0C9CEB1DA971}.Release|Any CPU.ActiveCfg = Release|Any CPU
		{61DE7984-31E9-4537-96C2-0C9CEB1DA971}.Release|Any CPU.Build.0 = Release|Any CPU
	EndGlobalSection
	GlobalSection(SolutionProperties) = preSolution
		HideSolutionNode = FALSE
	EndGlobalSection
	GlobalSection(ExtensibilityGlobals) = postSolution
		SolutionGuid = {A768A6B4-C1B0-446E-B2C8-4F1CE0580E58}
	EndGlobalSection
EndGlobal
